
Microsoft Visual Studio Solution File, Format Version 12.00
# Visual Studio Version 16
VisualStudioVersion = 16.0.29306.81
MinimumVisualStudioVersion = 10.0.40219.1
Project("{FAE04EC0-301F-11D3-BF4B-00C04F79EFBC}") = "Consulta_CNPJ", "Consulta_CNPJ\Consulta_CNPJ.csproj", "{9E224761-DD95-45C9-AF5C-D48AC8C643B9}"
EndProject
Global
	GlobalSection(SolutionConfigurationPlatforms) = preSolution
		Debug|Any CPU = Debug|Any CPU
		Release|Any CPU = Release|Any CPU
	EndGlobalSection
	GlobalSection(ProjectConfigurationPlatforms) = postSolution
		{9E224761-DD95-45C9-AF5C-D48AC8C643B9}.Debug|Any CPU.ActiveCfg = Debug|Any CPU
		{9E224761-DD95-45C9-AF5C-D48AC8C643B9}.Debug|Any CPU.Build.0 = Debug|Any CPU
		{9E224761-DD95-45C9-AF5C-D48AC8C643B9}.Release|Any CPU.ActiveCfg = Release|Any CPU
		{9E224761-DD95-45C9-AF5C-D48AC8C643B9}.Release|Any CPU.Build.0 = Release|Any CPU
	EndGlobalSection
	GlobalSection(SolutionProperties) = preSolution
		HideSolutionNode = FALSE
	EndGlobalSection
	GlobalSection(ExtensibilityGlobals) = postSolution
		SolutionGuid = {C9DFAF1D-1C4C-4F55-AB48-CCE0D2FBECBD}
	EndGlobalSection
EndGlobal
